// !$*UTF8*$!
{
	archiveVersion = 1;
	classes = {
	};
	objectVersion = 50;
	objects = {

/* Begin PBXBuildFile section */
		1833A87423FD1A6600B26238 /* FLImageView.xib in Resources */ = {isa = PBXBuildFile; fileRef = 1833A87323FD1A6600B26238 /* FLImageView.xib */; };
		1833A87723FD1DFD00B26238 /* FLImageView.swift in Sources */ = {isa = PBXBuildFile; fileRef = 1833A87623FD1DFD00B26238 /* FLImageView.swift */; };
		18390B5C23FABD9000CE6EE0 /* FLTileListTableCell.swift in Sources */ = {isa = PBXBuildFile; fileRef = 18390B5B23FABD9000CE6EE0 /* FLTileListTableCell.swift */; };
		184C5B8923F68BCC001327BA /* FLViewerTableCell.swift in Sources */ = {isa = PBXBuildFile; fileRef = 184C5B8823F68BCC001327BA /* FLViewerTableCell.swift */; };
		184C5B8B23F6942B001327BA /* FLImageDataSource.swift in Sources */ = {isa = PBXBuildFile; fileRef = 184C5B8A23F6942B001327BA /* FLImageDataSource.swift */; };
		184C5B8D23F69C1B001327BA /* FLAppExtensions.swift in Sources */ = {isa = PBXBuildFile; fileRef = 184C5B8C23F69C1B001327BA /* FLAppExtensions.swift */; };
		18525BA523F6816D009140CC /* FLStoryboardHelper.swift in Sources */ = {isa = PBXBuildFile; fileRef = 18525BA423F6816D009140CC /* FLStoryboardHelper.swift */; };
		188184F22406B64B006441AA /* Assets.xcassets in Resources */ = {isa = PBXBuildFile; fileRef = 188184F12406B64B006441AA /* Assets.xcassets */; };
		188184F32406B689006441AA /* Assets.xcassets in Resources */ = {isa = PBXBuildFile; fileRef = 18A9089123FE751F0015AEA5 /* Assets.xcassets */; };
		1891C3CC23F586F9000AFA9F /* FLImageViewer.h in Headers */ = {isa = PBXBuildFile; fileRef = 1891C3CA23F586F9000AFA9F /* FLImageViewer.h */; settings = {ATTRIBUTES = (Public, ); }; };
		1891C3D423F587C9000AFA9F /* FLImageViewer.swift in Sources */ = {isa = PBXBuildFile; fileRef = 1891C3D323F587C9000AFA9F /* FLImageViewer.swift */; };
		1891C3D623F5891A000AFA9F /* FLConstants.swift in Sources */ = {isa = PBXBuildFile; fileRef = 1891C3D523F5891A000AFA9F /* FLConstants.swift */; };
		1891C3DD23F58BD2000AFA9F /* FLViewerController.swift in Sources */ = {isa = PBXBuildFile; fileRef = 1891C3DC23F58BD2000AFA9F /* FLViewerController.swift */; };
		1891C3E123F59257000AFA9F /* FLMainStoryboard.storyboard in Resources */ = {isa = PBXBuildFile; fileRef = 1891C3E023F59257000AFA9F /* FLMainStoryboard.storyboard */; };
		18A153A223FD674900750905 /* FLButton.swift in Sources */ = {isa = PBXBuildFile; fileRef = 18A153A123FD674900750905 /* FLButton.swift */; };
		18A9088923FE751C0015AEA5 /* AppDelegate.swift in Sources */ = {isa = PBXBuildFile; fileRef = 18A9088823FE751C0015AEA5 /* AppDelegate.swift */; };
		18A9088B23FE751C0015AEA5 /* SceneDelegate.swift in Sources */ = {isa = PBXBuildFile; fileRef = 18A9088A23FE751C0015AEA5 /* SceneDelegate.swift */; };
		18A9088D23FE751C0015AEA5 /* ViewController.swift in Sources */ = {isa = PBXBuildFile; fileRef = 18A9088C23FE751C0015AEA5 /* ViewController.swift */; };
		18A9089023FE751C0015AEA5 /* Main.storyboard in Resources */ = {isa = PBXBuildFile; fileRef = 18A9088E23FE751C0015AEA5 /* Main.storyboard */; };
		18A9089523FE751F0015AEA5 /* LaunchScreen.storyboard in Resources */ = {isa = PBXBuildFile; fileRef = 18A9089323FE751F0015AEA5 /* LaunchScreen.storyboard */; };
		18A9089C23FE76980015AEA5 /* FLImageViewer.framework in Frameworks */ = {isa = PBXBuildFile; fileRef = 1891C3C723F586F9000AFA9F /* FLImageViewer.framework */; };
		18A9089D23FE76980015AEA5 /* FLImageViewer.framework in Embed Frameworks */ = {isa = PBXBuildFile; fileRef = 1891C3C723F586F9000AFA9F /* FLImageViewer.framework */; settings = {ATTRIBUTES = (CodeSignOnCopy, RemoveHeadersOnCopy, ); }; };
/* End PBXBuildFile section */

/* Begin PBXContainerItemProxy section */
		18A9089E23FE76980015AEA5 /* PBXContainerItemProxy */ = {
			isa = PBXContainerItemProxy;
			containerPortal = 1891C3BE23F586F9000AFA9F /* Project object */;
			proxyType = 1;
			remoteGlobalIDString = 1891C3C623F586F9000AFA9F;
			remoteInfo = FLImageViewer;
		};
/* End PBXContainerItemProxy section */

/* Begin PBXCopyFilesBuildPhase section */
		18A908A023FE76990015AEA5 /* Embed Frameworks */ = {
			isa = PBXCopyFilesBuildPhase;
			buildActionMask = 2147483647;
			dstPath = "";
			dstSubfolderSpec = 10;
			files = (
				18A9089D23FE76980015AEA5 /* FLImageViewer.framework in Embed Frameworks */,
			);
			name = "Embed Frameworks";
			runOnlyForDeploymentPostprocessing = 0;
		};
/* End PBXCopyFilesBuildPhase section */

/* Begin PBXFileReference section */
		1833A87323FD1A6600B26238 /* FLImageView.xib */ = {isa = PBXFileReference; lastKnownFileType = file.xib; path = FLImageView.xib; sourceTree = "<group>"; };
		1833A87623FD1DFD00B26238 /* FLImageView.swift */ = {isa = PBXFileReference; lastKnownFileType = sourcecode.swift; path = FLImageView.swift; sourceTree = "<group>"; };
		18390B5B23FABD9000CE6EE0 /* FLTileListTableCell.swift */ = {isa = PBXFileReference; lastKnownFileType = sourcecode.swift; path = FLTileListTableCell.swift; sourceTree = "<group>"; };
		184C5B8823F68BCC001327BA /* FLViewerTableCell.swift */ = {isa = PBXFileReference; lastKnownFileType = sourcecode.swift; path = FLViewerTableCell.swift; sourceTree = "<group>"; };
		184C5B8A23F6942B001327BA /* FLImageDataSource.swift */ = {isa = PBXFileReference; lastKnownFileType = sourcecode.swift; path = FLImageDataSource.swift; sourceTree = "<group>"; };
		184C5B8C23F69C1B001327BA /* FLAppExtensions.swift */ = {isa = PBXFileReference; lastKnownFileType = sourcecode.swift; path = FLAppExtensions.swift; sourceTree = "<group>"; };
		18525BA423F6816D009140CC /* FLStoryboardHelper.swift */ = {isa = PBXFileReference; lastKnownFileType = sourcecode.swift; path = FLStoryboardHelper.swift; sourceTree = "<group>"; };
		188184F12406B64B006441AA /* Assets.xcassets */ = {isa = PBXFileReference; lastKnownFileType = folder.assetcatalog; path = Assets.xcassets; sourceTree = "<group>"; };
		1891C3C723F586F9000AFA9F /* FLImageViewer.framework */ = {isa = PBXFileReference; explicitFileType = wrapper.framework; includeInIndex = 0; path = FLImageViewer.framework; sourceTree = BUILT_PRODUCTS_DIR; };
		1891C3CA23F586F9000AFA9F /* FLImageViewer.h */ = {isa = PBXFileReference; lastKnownFileType = sourcecode.c.h; path = FLImageViewer.h; sourceTree = "<group>"; };
		1891C3CB23F586F9000AFA9F /* Info.plist */ = {isa = PBXFileReference; lastKnownFileType = text.plist.xml; path = Info.plist; sourceTree = "<group>"; };
		1891C3D323F587C9000AFA9F /* FLImageViewer.swift */ = {isa = PBXFileReference; lastKnownFileType = sourcecode.swift; path = FLImageViewer.swift; sourceTree = "<group>"; };
		1891C3D523F5891A000AFA9F /* FLConstants.swift */ = {isa = PBXFileReference; lastKnownFileType = sourcecode.swift; path = FLConstants.swift; sourceTree = "<group>"; };
		1891C3DC23F58BD2000AFA9F /* FLViewerController.swift */ = {isa = PBXFileReference; lastKnownFileType = sourcecode.swift; path = FLViewerController.swift; sourceTree = "<group>"; };
		1891C3E023F59257000AFA9F /* FLMainStoryboard.storyboard */ = {isa = PBXFileReference; lastKnownFileType = file.storyboard; path = FLMainStoryboard.storyboard; sourceTree = "<group>"; };
		18A153A123FD674900750905 /* FLButton.swift */ = {isa = PBXFileReference; lastKnownFileType = sourcecode.swift; path = FLButton.swift; sourceTree = "<group>"; };
		18A9088623FE751C0015AEA5 /* FLImageViewerExamples.app */ = {isa = PBXFileReference; explicitFileType = wrapper.application; includeInIndex = 0; path = FLImageViewerExamples.app; sourceTree = BUILT_PRODUCTS_DIR; };
		18A9088823FE751C0015AEA5 /* AppDelegate.swift */ = {isa = PBXFileReference; lastKnownFileType = sourcecode.swift; path = AppDelegate.swift; sourceTree = "<group>"; };
		18A9088A23FE751C0015AEA5 /* SceneDelegate.swift */ = {isa = PBXFileReference; lastKnownFileType = sourcecode.swift; path = SceneDelegate.swift; sourceTree = "<group>"; };
		18A9088C23FE751C0015AEA5 /* ViewController.swift */ = {isa = PBXFileReference; lastKnownFileType = sourcecode.swift; path = ViewController.swift; sourceTree = "<group>"; };
		18A9088F23FE751C0015AEA5 /* Base */ = {isa = PBXFileReference; lastKnownFileType = file.storyboard; name = Base; path = Base.lproj/Main.storyboard; sourceTree = "<group>"; };
		18A9089123FE751F0015AEA5 /* Assets.xcassets */ = {isa = PBXFileReference; lastKnownFileType = folder.assetcatalog; path = Assets.xcassets; sourceTree = "<group>"; };
		18A9089423FE751F0015AEA5 /* Base */ = {isa = PBXFileReference; lastKnownFileType = file.storyboard; name = Base; path = Base.lproj/LaunchScreen.storyboard; sourceTree = "<group>"; };
		18A9089623FE751F0015AEA5 /* Info.plist */ = {isa = PBXFileReference; lastKnownFileType = text.plist.xml; path = Info.plist; sourceTree = "<group>"; };
/* End PBXFileReference section */

/* Begin PBXFrameworksBuildPhase section */
		1891C3C423F586F9000AFA9F /* Frameworks */ = {
			isa = PBXFrameworksBuildPhase;
			buildActionMask = 2147483647;
			files = (
			);
			runOnlyForDeploymentPostprocessing = 0;
		};
		18A9088323FE751C0015AEA5 /* Frameworks */ = {
			isa = PBXFrameworksBuildPhase;
			buildActionMask = 2147483647;
			files = (
				18A9089C23FE76980015AEA5 /* FLImageViewer.framework in Frameworks */,
			);
			runOnlyForDeploymentPostprocessing = 0;
		};
/* End PBXFrameworksBuildPhase section */

/* Begin PBXGroup section */
		1833A87523FD1BEA00B26238 /* Views */ = {
			isa = PBXGroup;
			children = (
				1891C3DC23F58BD2000AFA9F /* FLViewerController.swift */,
				184C5B8823F68BCC001327BA /* FLViewerTableCell.swift */,
				18390B5B23FABD9000CE6EE0 /* FLTileListTableCell.swift */,
				1833A87623FD1DFD00B26238 /* FLImageView.swift */,
				18A153A123FD674900750905 /* FLButton.swift */,
			);
			path = Views;
			sourceTree = "<group>";
		};
		18525BA223F6813C009140CC /* Helpers */ = {
			isa = PBXGroup;
			children = (
				1891C3D523F5891A000AFA9F /* FLConstants.swift */,
				18525BA423F6816D009140CC /* FLStoryboardHelper.swift */,
				184C5B8A23F6942B001327BA /* FLImageDataSource.swift */,
				184C5B8C23F69C1B001327BA /* FLAppExtensions.swift */,
			);
			path = Helpers;
			sourceTree = "<group>";
		};
		1891C3BD23F586F9000AFA9F = {
			isa = PBXGroup;
			children = (
				1891C3C923F586F9000AFA9F /* FLImageViewer */,
				18A9088723FE751C0015AEA5 /* FLImageViewerExamples */,
				1891C3C823F586F9000AFA9F /* Products */,
				18A9089B23FE76980015AEA5 /* Frameworks */,
			);
			sourceTree = "<group>";
		};
		1891C3C823F586F9000AFA9F /* Products */ = {
			isa = PBXGroup;
			children = (
				1891C3C723F586F9000AFA9F /* FLImageViewer.framework */,
				18A9088623FE751C0015AEA5 /* FLImageViewerExamples.app */,
			);
			name = Products;
			sourceTree = "<group>";
		};
		1891C3C923F586F9000AFA9F /* FLImageViewer */ = {
			isa = PBXGroup;
			children = (
				1891C3D723F589C1000AFA9F /* Xibs */,
				1891C3D223F5877A000AFA9F /* Source */,
				1891C3CA23F586F9000AFA9F /* FLImageViewer.h */,
				1891C3CB23F586F9000AFA9F /* Info.plist */,
				188184F12406B64B006441AA /* Assets.xcassets */,
			);
			path = FLImageViewer;
			sourceTree = "<group>";
		};
		1891C3D223F5877A000AFA9F /* Source */ = {
			isa = PBXGroup;
			children = (
				1891C3D323F587C9000AFA9F /* FLImageViewer.swift */,
				1833A87523FD1BEA00B26238 /* Views */,
				18525BA223F6813C009140CC /* Helpers */,
			);
			path = Source;
			sourceTree = "<group>";
		};
		1891C3D723F589C1000AFA9F /* Xibs */ = {
			isa = PBXGroup;
			children = (
				1891C3E023F59257000AFA9F /* FLMainStoryboard.storyboard */,
				1833A87323FD1A6600B26238 /* FLImageView.xib */,
			);
			path = Xibs;
			sourceTree = "<group>";
		};
		18A9088723FE751C0015AEA5 /* FLImageViewerExamples */ = {
			isa = PBXGroup;
			children = (
				18A9088823FE751C0015AEA5 /* AppDelegate.swift */,
				18A9088A23FE751C0015AEA5 /* SceneDelegate.swift */,
				18A9088C23FE751C0015AEA5 /* ViewController.swift */,
				18A9088E23FE751C0015AEA5 /* Main.storyboard */,
				18A9089123FE751F0015AEA5 /* Assets.xcassets */,
				18A9089323FE751F0015AEA5 /* LaunchScreen.storyboard */,
				18A9089623FE751F0015AEA5 /* Info.plist */,
			);
			path = FLImageViewerExamples;
			sourceTree = "<group>";
		};
		18A9089B23FE76980015AEA5 /* Frameworks */ = {
			isa = PBXGroup;
			children = (
			);
			name = Frameworks;
			sourceTree = "<group>";
		};
/* End PBXGroup section */

/* Begin PBXHeadersBuildPhase section */
		1891C3C223F586F9000AFA9F /* Headers */ = {
			isa = PBXHeadersBuildPhase;
			buildActionMask = 2147483647;
			files = (
				1891C3CC23F586F9000AFA9F /* FLImageViewer.h in Headers */,
			);
			runOnlyForDeploymentPostprocessing = 0;
		};
/* End PBXHeadersBuildPhase section */

/* Begin PBXNativeTarget section */
		1891C3C623F586F9000AFA9F /* FLImageViewer */ = {
			isa = PBXNativeTarget;
			buildConfigurationList = 1891C3CF23F586F9000AFA9F /* Build configuration list for PBXNativeTarget "FLImageViewer" */;
			buildPhases = (
				1891C3C223F586F9000AFA9F /* Headers */,
				1891C3C323F586F9000AFA9F /* Sources */,
				1891C3C423F586F9000AFA9F /* Frameworks */,
				1891C3C523F586F9000AFA9F /* Resources */,
			);
			buildRules = (
			);
			dependencies = (
			);
			name = FLImageViewer;
			productName = FLImageViewer;
			productReference = 1891C3C723F586F9000AFA9F /* FLImageViewer.framework */;
			productType = "com.apple.product-type.framework";
		};
		18A9088523FE751C0015AEA5 /* FLImageViewerExamples */ = {
			isa = PBXNativeTarget;
			buildConfigurationList = 18A9089923FE751F0015AEA5 /* Build configuration list for PBXNativeTarget "FLImageViewerExamples" */;
			buildPhases = (
				18A9088223FE751C0015AEA5 /* Sources */,
				18A9088323FE751C0015AEA5 /* Frameworks */,
				18A9088423FE751C0015AEA5 /* Resources */,
				18A908A023FE76990015AEA5 /* Embed Frameworks */,
			);
			buildRules = (
			);
			dependencies = (
				18A9089F23FE76980015AEA5 /* PBXTargetDependency */,
			);
			name = FLImageViewerExamples;
			productName = FLImageViewerExamples;
			productReference = 18A9088623FE751C0015AEA5 /* FLImageViewerExamples.app */;
			productType = "com.apple.product-type.application";
		};
/* End PBXNativeTarget section */

/* Begin PBXProject section */
		1891C3BE23F586F9000AFA9F /* Project object */ = {
			isa = PBXProject;
			attributes = {
				LastSwiftUpdateCheck = 1130;
				LastUpgradeCheck = 1130;
				ORGANIZATIONNAME = Vinoth;
				TargetAttributes = {
					1891C3C623F586F9000AFA9F = {
						CreatedOnToolsVersion = 11.3.1;
						LastSwiftMigration = 1130;
					};
					18A9088523FE751C0015AEA5 = {
						CreatedOnToolsVersion = 11.3.1;
					};
				};
			};
			buildConfigurationList = 1891C3C123F586F9000AFA9F /* Build configuration list for PBXProject "FLImageViewer" */;
			compatibilityVersion = "Xcode 9.3";
			developmentRegion = en;
			hasScannedForEncodings = 0;
			knownRegions = (
				en,
				Base,
			);
			mainGroup = 1891C3BD23F586F9000AFA9F;
			productRefGroup = 1891C3C823F586F9000AFA9F /* Products */;
			projectDirPath = "";
			projectRoot = "";
			targets = (
				1891C3C623F586F9000AFA9F /* FLImageViewer */,
				18A9088523FE751C0015AEA5 /* FLImageViewerExamples */,
			);
		};
/* End PBXProject section */

/* Begin PBXResourcesBuildPhase section */
		1891C3C523F586F9000AFA9F /* Resources */ = {
			isa = PBXResourcesBuildPhase;
			buildActionMask = 2147483647;
			files = (
				1833A87423FD1A6600B26238 /* FLImageView.xib in Resources */,
				188184F22406B64B006441AA /* Assets.xcassets in Resources */,
				1891C3E123F59257000AFA9F /* FLMainStoryboard.storyboard in Resources */,
			);
			runOnlyForDeploymentPostprocessing = 0;
		};
		18A9088423FE751C0015AEA5 /* Resources */ = {
			isa = PBXResourcesBuildPhase;
			buildActionMask = 2147483647;
			files = (
				18A9089523FE751F0015AEA5 /* LaunchScreen.storyboard in Resources */,
				188184F32406B689006441AA /* Assets.xcassets in Resources */,
				18A9089023FE751C0015AEA5 /* Main.storyboard in Resources */,
			);
			runOnlyForDeploymentPostprocessing = 0;
		};
/* End PBXResourcesBuildPhase section */

/* Begin PBXSourcesBuildPhase section */
		1891C3C323F586F9000AFA9F /* Sources */ = {
			isa = PBXSourcesBuildPhase;
			buildActionMask = 2147483647;
			files = (
				1833A87723FD1DFD00B26238 /* FLImageView.swift in Sources */,
				1891C3D423F587C9000AFA9F /* FLImageViewer.swift in Sources */,
				1891C3DD23F58BD2000AFA9F /* FLViewerController.swift in Sources */,
				18525BA523F6816D009140CC /* FLStoryboardHelper.swift in Sources */,
				184C5B8B23F6942B001327BA /* FLImageDataSource.swift in Sources */,
				18390B5C23FABD9000CE6EE0 /* FLTileListTableCell.swift in Sources */,
				1891C3D623F5891A000AFA9F /* FLConstants.swift in Sources */,
				184C5B8923F68BCC001327BA /* FLViewerTableCell.swift in Sources */,
				184C5B8D23F69C1B001327BA /* FLAppExtensions.swift in Sources */,
				18A153A223FD674900750905 /* FLButton.swift in Sources */,
			);
			runOnlyForDeploymentPostprocessing = 0;
		};
		18A9088223FE751C0015AEA5 /* Sources */ = {
			isa = PBXSourcesBuildPhase;
			buildActionMask = 2147483647;
			files = (
				18A9088D23FE751C0015AEA5 /* ViewController.swift in Sources */,
				18A9088923FE751C0015AEA5 /* AppDelegate.swift in Sources */,
				18A9088B23FE751C0015AEA5 /* SceneDelegate.swift in Sources */,
			);
			runOnlyForDeploymentPostprocessing = 0;
		};
/* End PBXSourcesBuildPhase section */

/* Begin PBXTargetDependency section */
		18A9089F23FE76980015AEA5 /* PBXTargetDependency */ = {
			isa = PBXTargetDependency;
			target = 1891C3C623F586F9000AFA9F /* FLImageViewer */;
			targetProxy = 18A9089E23FE76980015AEA5 /* PBXContainerItemProxy */;
		};
/* End PBXTargetDependency section */

/* Begin PBXVariantGroup section */
		18A9088E23FE751C0015AEA5 /* Main.storyboard */ = {
			isa = PBXVariantGroup;
			children = (
				18A9088F23FE751C0015AEA5 /* Base */,
			);
			name = Main.storyboard;
			sourceTree = "<group>";
		};
		18A9089323FE751F0015AEA5 /* LaunchScreen.storyboard */ = {
			isa = PBXVariantGroup;
			children = (
				18A9089423FE751F0015AEA5 /* Base */,
			);
			name = LaunchScreen.storyboard;
			sourceTree = "<group>";
		};
/* End PBXVariantGroup section */

/* Begin XCBuildConfiguration section */
		1891C3CD23F586F9000AFA9F /* Debug */ = {
			isa = XCBuildConfiguration;
			buildSettings = {
				ALWAYS_SEARCH_USER_PATHS = NO;
				CLANG_ANALYZER_NONNULL = YES;
				CLANG_ANALYZER_NUMBER_OBJECT_CONVERSION = YES_AGGRESSIVE;
				CLANG_CXX_LANGUAGE_STANDARD = "gnu++14";
				CLANG_CXX_LIBRARY = "libc++";
				CLANG_ENABLE_MODULES = YES;
				CLANG_ENABLE_OBJC_ARC = YES;
				CLANG_ENABLE_OBJC_WEAK = YES;
				CLANG_WARN_BLOCK_CAPTURE_AUTORELEASING = YES;
				CLANG_WARN_BOOL_CONVERSION = YES;
				CLANG_WARN_COMMA = YES;
				CLANG_WARN_CONSTANT_CONVERSION = YES;
				CLANG_WARN_DEPRECATED_OBJC_IMPLEMENTATIONS = YES;
				CLANG_WARN_DIRECT_OBJC_ISA_USAGE = YES_ERROR;
				CLANG_WARN_DOCUMENTATION_COMMENTS = YES;
				CLANG_WARN_EMPTY_BODY = YES;
				CLANG_WARN_ENUM_CONVERSION = YES;
				CLANG_WARN_INFINITE_RECURSION = YES;
				CLANG_WARN_INT_CONVERSION = YES;
				CLANG_WARN_NON_LITERAL_NULL_CONVERSION = YES;
				CLANG_WARN_OBJC_IMPLICIT_RETAIN_SELF = YES;
				CLANG_WARN_OBJC_LITERAL_CONVERSION = YES;
				CLANG_WARN_OBJC_ROOT_CLASS = YES_ERROR;
				CLANG_WARN_RANGE_LOOP_ANALYSIS = YES;
				CLANG_WARN_STRICT_PROTOTYPES = YES;
				CLANG_WARN_SUSPICIOUS_MOVE = YES;
				CLANG_WARN_UNGUARDED_AVAILABILITY = YES_AGGRESSIVE;
				CLANG_WARN_UNREACHABLE_CODE = YES;
				CLANG_WARN__DUPLICATE_METHOD_MATCH = YES;
				COPY_PHASE_STRIP = NO;
				CURRENT_PROJECT_VERSION = 1;
				DEBUG_INFORMATION_FORMAT = dwarf;
				ENABLE_STRICT_OBJC_MSGSEND = YES;
				ENABLE_TESTABILITY = YES;
				GCC_C_LANGUAGE_STANDARD = gnu11;
				GCC_DYNAMIC_NO_PIC = NO;
				GCC_NO_COMMON_BLOCKS = YES;
				GCC_OPTIMIZATION_LEVEL = 0;
				GCC_PREPROCESSOR_DEFINITIONS = (
					"DEBUG=1",
					"$(inherited)",
				);
				GCC_WARN_64_TO_32_BIT_CONVERSION = YES;
				GCC_WARN_ABOUT_RETURN_TYPE = YES_ERROR;
				GCC_WARN_UNDECLARED_SELECTOR = YES;
				GCC_WARN_UNINITIALIZED_AUTOS = YES_AGGRESSIVE;
				GCC_WARN_UNUSED_FUNCTION = YES;
				GCC_WARN_UNUSED_VARIABLE = YES;
				IPHONEOS_DEPLOYMENT_TARGET = 10.0;
				MTL_ENABLE_DEBUG_INFO = INCLUDE_SOURCE;
				MTL_FAST_MATH = YES;
				ONLY_ACTIVE_ARCH = YES;
				SDKROOT = iphoneos;
				SWIFT_ACTIVE_COMPILATION_CONDITIONS = DEBUG;
				SWIFT_OPTIMIZATION_LEVEL = "-Onone";
				VERSIONING_SYSTEM = "apple-generic";
				VERSION_INFO_PREFIX = "";
			};
			name = Debug;
		};
		1891C3CE23F586F9000AFA9F /* Release */ = {
			isa = XCBuildConfiguration;
			buildSettings = {
				ALWAYS_SEARCH_USER_PATHS = NO;
				CLANG_ANALYZER_NONNULL = YES;
				CLANG_ANALYZER_NUMBER_OBJECT_CONVERSION = YES_AGGRESSIVE;
				CLANG_CXX_LANGUAGE_STANDARD = "gnu++14";
				CLANG_CXX_LIBRARY = "libc++";
				CLANG_ENABLE_MODULES = YES;
				CLANG_ENABLE_OBJC_ARC = YES;
				CLANG_ENABLE_OBJC_WEAK = YES;
				CLANG_WARN_BLOCK_CAPTURE_AUTORELEASING = YES;
				CLANG_WARN_BOOL_CONVERSION = YES;
				CLANG_WARN_COMMA = YES;
				CLANG_WARN_CONSTANT_CONVERSION = YES;
				CLANG_WARN_DEPRECATED_OBJC_IMPLEMENTATIONS = YES;
				CLANG_WARN_DIRECT_OBJC_ISA_USAGE = YES_ERROR;
				CLANG_WARN_DOCUMENTATION_COMMENTS = YES;
				CLANG_WARN_EMPTY_BODY = YES;
				CLANG_WARN_ENUM_CONVERSION = YES;
				CLANG_WARN_INFINITE_RECURSION = YES;
				CLANG_WARN_INT_CONVERSION = YES;
				CLANG_WARN_NON_LITERAL_NULL_CONVERSION = YES;
				CLANG_WARN_OBJC_IMPLICIT_RETAIN_SELF = YES;
				CLANG_WARN_OBJC_LITERAL_CONVERSION = YES;
				CLANG_WARN_OBJC_ROOT_CLASS = YES_ERROR;
				CLANG_WARN_RANGE_LOOP_ANALYSIS = YES;
				CLANG_WARN_STRICT_PROTOTYPES = YES;
				CLANG_WARN_SUSPICIOUS_MOVE = YES;
				CLANG_WARN_UNGUARDED_AVAILABILITY = YES_AGGRESSIVE;
				CLANG_WARN_UNREACHABLE_CODE = YES;
				CLANG_WARN__DUPLICATE_METHOD_MATCH = YES;
				COPY_PHASE_STRIP = NO;
				CURRENT_PROJECT_VERSION = 1;
				DEBUG_INFORMATION_FORMAT = "dwarf-with-dsym";
				ENABLE_NS_ASSERTIONS = NO;
				ENABLE_STRICT_OBJC_MSGSEND = YES;
				GCC_C_LANGUAGE_STANDARD = gnu11;
				GCC_NO_COMMON_BLOCKS = YES;
				GCC_WARN_64_TO_32_BIT_CONVERSION = YES;
				GCC_WARN_ABOUT_RETURN_TYPE = YES_ERROR;
				GCC_WARN_UNDECLARED_SELECTOR = YES;
				GCC_WARN_UNINITIALIZED_AUTOS = YES_AGGRESSIVE;
				GCC_WARN_UNUSED_FUNCTION = YES;
				GCC_WARN_UNUSED_VARIABLE = YES;
				IPHONEOS_DEPLOYMENT_TARGET = 10.0;
				MTL_ENABLE_DEBUG_INFO = NO;
				MTL_FAST_MATH = YES;
				SDKROOT = iphoneos;
				SWIFT_COMPILATION_MODE = wholemodule;
				SWIFT_OPTIMIZATION_LEVEL = "-O";
				VALIDATE_PRODUCT = YES;
				VERSIONING_SYSTEM = "apple-generic";
				VERSION_INFO_PREFIX = "";
			};
			name = Release;
		};
		1891C3D023F586F9000AFA9F /* Debug */ = {
			isa = XCBuildConfiguration;
			buildSettings = {
				CLANG_ENABLE_MODULES = YES;
				CODE_SIGN_STYLE = Automatic;
				DEFINES_MODULE = YES;
				DEVELOPMENT_TEAM = WBU47M44PJ;
				DYLIB_COMPATIBILITY_VERSION = 1;
				DYLIB_CURRENT_VERSION = 1;
				DYLIB_INSTALL_NAME_BASE = "@rpath";
				INFOPLIST_FILE = FLImageViewer/Info.plist;
				INSTALL_PATH = "$(LOCAL_LIBRARY_DIR)/Frameworks";
				LD_RUNPATH_SEARCH_PATHS = (
					"$(inherited)",
					"@executable_path/Frameworks",
					"@loader_path/Frameworks",
				);
				PRODUCT_BUNDLE_IDENTIFIER = com.iosapp.FLImageViewer;
				PRODUCT_NAME = "$(TARGET_NAME:c99extidentifier)";
				SKIP_INSTALL = YES;
				SUPPORTS_MACCATALYST = NO;
				SWIFT_OPTIMIZATION_LEVEL = "-Onone";
				SWIFT_VERSION = 5.0;
				TARGETED_DEVICE_FAMILY = 1;
			};
			name = Debug;
		};
		1891C3D123F586F9000AFA9F /* Release */ = {
			isa = XCBuildConfiguration;
			buildSettings = {
				CLANG_ENABLE_MODULES = YES;
				CODE_SIGN_STYLE = Automatic;
				DEFINES_MODULE = YES;
				DEVELOPMENT_TEAM = WBU47M44PJ;
				DYLIB_COMPATIBILITY_VERSION = 1;
				DYLIB_CURRENT_VERSION = 1;
				DYLIB_INSTALL_NAME_BASE = "@rpath";
				INFOPLIST_FILE = FLImageViewer/Info.plist;
				INSTALL_PATH = "$(LOCAL_LIBRARY_DIR)/Frameworks";
				LD_RUNPATH_SEARCH_PATHS = (
					"$(inherited)",
					"@executable_path/Frameworks",
					"@loader_path/Frameworks",
				);
				PRODUCT_BUNDLE_IDENTIFIER = com.iosapp.FLImageViewer;
				PRODUCT_NAME = "$(TARGET_NAME:c99extidentifier)";
				SKIP_INSTALL = YES;
				SUPPORTS_MACCATALYST = NO;
				SWIFT_VERSION = 5.0;
				TARGETED_DEVICE_FAMILY = 1;
			};
			name = Release;
		};
		18A9089723FE751F0015AEA5 /* Debug */ = {
			isa = XCBuildConfiguration;
			buildSettings = {
				ASSETCATALOG_COMPILER_APPICON_NAME = AppIcon;
				CODE_SIGN_STYLE = Automatic;
				DEVELOPMENT_TEAM = WBU47M44PJ;
				INFOPLIST_FILE = FLImageViewerExamples/Info.plist;
				IPHONEOS_DEPLOYMENT_TARGET = 10.0;
				LD_RUNPATH_SEARCH_PATHS = (
					"$(inherited)",
					"@executable_path/Frameworks",
				);
				PRODUCT_BUNDLE_IDENTIFIER = com.iosapp.FLImageViewerExamples;
				PRODUCT_NAME = "$(TARGET_NAME)";
				SWIFT_VERSION = 5.0;
				TARGETED_DEVICE_FAMILY = 1;
			};
			name = Debug;
		};
		18A9089823FE751F0015AEA5 /* Release */ = {
			isa = XCBuildConfiguration;
			buildSettings = {
				ASSETCATALOG_COMPILER_APPICON_NAME = AppIcon;
				CODE_SIGN_STYLE = Automatic;
				DEVELOPMENT_TEAM = WBU47M44PJ;
				INFOPLIST_FILE = FLImageViewerExamples/Info.plist;
				IPHONEOS_DEPLOYMENT_TARGET = 10.0;
				LD_RUNPATH_SEARCH_PATHS = (
					"$(inherited)",
					"@executable_path/Frameworks",
				);
				PRODUCT_BUNDLE_IDENTIFIER = com.iosapp.FLImageViewerExamples;
				PRODUCT_NAME = "$(TARGET_NAME)";
				SWIFT_VERSION = 5.0;
				TARGETED_DEVICE_FAMILY = 1;
			};
			name = Release;
		};
/* End XCBuildConfiguration section */

/* Begin XCConfigurationList section */
		1891C3C123F586F9000AFA9F /* Build configuration list for PBXProject "FLImageViewer" */ = {
			isa = XCConfigurationList;
			buildConfigurations = (
				1891C3CD23F586F9000AFA9F /* Debug */,
				1891C3CE23F586F9000AFA9F /* Release */,
			);
			defaultConfigurationIsVisible = 0;
			defaultConfigurationName = Release;
		};
		1891C3CF23F586F9000AFA9F /* Build configuration list for PBXNativeTarget "FLImageViewer" */ = {
			isa = XCConfigurationList;
			buildConfigurations = (
				1891C3D023F586F9000AFA9F /* Debug */,
				1891C3D123F586F9000AFA9F /* Release */,
			);
			defaultConfigurationIsVisible = 0;
			defaultConfigurationName = Release;
		};
		18A9089923FE751F0015AEA5 /* Build configuration list for PBXNativeTarget "FLImageViewerExamples" */ = {
			isa = XCConfigurationList;
			buildConfigurations = (
				18A9089723FE751F0015AEA5 /* Debug */,
				18A9089823FE751F0015AEA5 /* Release */,
			);
			defaultConfigurationIsVisible = 0;
			defaultConfigurationName = Release;
		};
/* End XCConfigurationList section */
	};
	rootObject = 1891C3BE23F586F9000AFA9F /* Project object */;
}
